// !$*UTF8*$!
{
	archiveVersion = 1;
	classes = {
	};
	objectVersion = 50;
	objects = {

/* Begin PBXBuildFile section */
		DDBF0F5A23D0731300E97025 /* AppDelegate.swift in Sources */ = {isa = PBXBuildFile; fileRef = DDBF0F5923D0731300E97025 /* AppDelegate.swift */; };
		DDBF0F5C23D0731300E97025 /* SceneDelegate.swift in Sources */ = {isa = PBXBuildFile; fileRef = DDBF0F5B23D0731300E97025 /* SceneDelegate.swift */; };
		DDBF0F5E23D0731300E97025 /* ContentView.swift in Sources */ = {isa = PBXBuildFile; fileRef = DDBF0F5D23D0731300E97025 /* ContentView.swift */; };
		DDBF0F6023D0731500E97025 /* Assets.xcassets in Resources */ = {isa = PBXBuildFile; fileRef = DDBF0F5F23D0731500E97025 /* Assets.xcassets */; };
		DDBF0F6323D0731500E97025 /* Preview Assets.xcassets in Resources */ = {isa = PBXBuildFile; fileRef = DDBF0F6223D0731500E97025 /* Preview Assets.xcassets */; };
		DDBF0F6623D0731500E97025 /* LaunchScreen.storyboard in Resources */ = {isa = PBXBuildFile; fileRef = DDBF0F6423D0731500E97025 /* LaunchScreen.storyboard */; };
/* End PBXBuildFile section */

/* Begin PBXFileReference section */
		DDBF0F5623D0731300E97025 /* CodeStrokeAlert-iOS.app */ = {isa = PBXFileReference; explicitFileType = wrapper.application; includeInIndex = 0; path = "CodeStrokeAlert-iOS.app"; sourceTree = BUILT_PRODUCTS_DIR; };
		DDBF0F5923D0731300E97025 /* AppDelegate.swift */ = {isa = PBXFileReference; lastKnownFileType = sourcecode.swift; path = AppDelegate.swift; sourceTree = "<group>"; };
		DDBF0F5B23D0731300E97025 /* SceneDelegate.swift */ = {isa = PBXFileReference; lastKnownFileType = sourcecode.swift; path = SceneDelegate.swift; sourceTree = "<group>"; };
		DDBF0F5D23D0731300E97025 /* ContentView.swift */ = {isa = PBXFileReference; lastKnownFileType = sourcecode.swift; path = ContentView.swift; sourceTree = "<group>"; };
		DDBF0F5F23D0731500E97025 /* Assets.xcassets */ = {isa = PBXFileReference; lastKnownFileType = folder.assetcatalog; path = Assets.xcassets; sourceTree = "<group>"; };
		DDBF0F6223D0731500E97025 /* Preview Assets.xcassets */ = {isa = PBXFileReference; lastKnownFileType = folder.assetcatalog; path = "Preview Assets.xcassets"; sourceTree = "<group>"; };
		DDBF0F6523D0731500E97025 /* Base */ = {isa = PBXFileReference; lastKnownFileType = file.storyboard; name = Base; path = Base.lproj/LaunchScreen.storyboard; sourceTree = "<group>"; };
		DDBF0F6723D0731500E97025 /* Info.plist */ = {isa = PBXFileReference; lastKnownFileType = text.plist.xml; path = Info.plist; sourceTree = "<group>"; };
/* End PBXFileReference section */

/* Begin PBXFrameworksBuildPhase section */
		DDBF0F5323D0731300E97025 /* Frameworks */ = {
			isa = PBXFrameworksBuildPhase;
			buildActionMask = 2147483647;
			files = (
			);
			runOnlyForDeploymentPostprocessing = 0;
		};
/* End PBXFrameworksBuildPhase section */

/* Begin PBXGroup section */
		DDBF0F4D23D0731300E97025 = {
			isa = PBXGroup;
			children = (
				DDBF0F5823D0731300E97025 /* CodeStrokeAlert-iOS */,
				DDBF0F5723D0731300E97025 /* Products */,
			);
			sourceTree = "<group>";
		};
		DDBF0F5723D0731300E97025 /* Products */ = {
			isa = PBXGroup;
			children = (
				DDBF0F5623D0731300E97025 /* CodeStrokeAlert-iOS.app */,
			);
			name = Products;
			sourceTree = "<group>";
		};
		DDBF0F5823D0731300E97025 /* CodeStrokeAlert-iOS */ = {
			isa = PBXGroup;
			children = (
				DDBF0F5923D0731300E97025 /* AppDelegate.swift */,
				DDBF0F5B23D0731300E97025 /* SceneDelegate.swift */,
				DDBF0F5D23D0731300E97025 /* ContentView.swift */,
				DDBF0F5F23D0731500E97025 /* Assets.xcassets */,
				DDBF0F6423D0731500E97025 /* LaunchScreen.storyboard */,
				DDBF0F6723D0731500E97025 /* Info.plist */,
				DDBF0F6123D0731500E97025 /* Preview Content */,
			);
			path = "CodeStrokeAlert-iOS";
			sourceTree = "<group>";
		};
		DDBF0F6123D0731500E97025 /* Preview Content */ = {
			isa = PBXGroup;
			children = (
				DDBF0F6223D0731500E97025 /* Preview Assets.xcassets */,
			);
			path = "Preview Content";
			sourceTree = "<group>";
		};
/* End PBXGroup section */

/* Begin PBXNativeTarget section */
		DDBF0F5523D0731300E97025 /* CodeStrokeAlert-iOS */ = {
			isa = PBXNativeTarget;
			buildConfigurationList = DDBF0F6A23D0731500E97025 /* Build configuration list for PBXNativeTarget "CodeStrokeAlert-iOS" */;
			buildPhases = (
				DDBF0F5223D0731300E97025 /* Sources */,
				DDBF0F5323D0731300E97025 /* Frameworks */,
				DDBF0F5423D0731300E97025 /* Resources */,
			);
			buildRules = (
			);
			dependencies = (
			);
			name = "CodeStrokeAlert-iOS";
			productName = "CodeStrokeAlert-iOS";
			productReference = DDBF0F5623D0731300E97025 /* CodeStrokeAlert-iOS.app */;
			productType = "com.apple.product-type.application";
		};
/* End PBXNativeTarget section */

/* Begin PBXProject section */
		DDBF0F4E23D0731300E97025 /* Project object */ = {
			isa = PBXProject;
			attributes = {
				LastSwiftUpdateCheck = 1130;
				LastUpgradeCheck = 1130;
				ORGANIZATIONNAME = CodeStroke;
				TargetAttributes = {
					DDBF0F5523D0731300E97025 = {
						CreatedOnToolsVersion = 11.3.1;
					};
				};
			};
			buildConfigurationList = DDBF0F5123D0731300E97025 /* Build configuration list for PBXProject "CodeStrokeAlert-iOS" */;
			compatibilityVersion = "Xcode 9.3";
			developmentRegion = en;
			hasScannedForEncodings = 0;
			knownRegions = (
				en,
				Base,
			);
			mainGroup = DDBF0F4D23D0731300E97025;
			productRefGroup = DDBF0F5723D0731300E97025 /* Products */;
			projectDirPath = "";
			projectRoot = "";
			targets = (
				DDBF0F5523D0731300E97025 /* CodeStrokeAlert-iOS */,
			);
		};
/* End PBXProject section */

/* Begin PBXResourcesBuildPhase section */
		DDBF0F5423D0731300E97025 /* Resources */ = {
			isa = PBXResourcesBuildPhase;
			buildActionMask = 2147483647;
			files = (
				DDBF0F6623D0731500E97025 /* LaunchScreen.storyboard in Resources */,
				DDBF0F6323D0731500E97025 /* Preview Assets.xcassets in Resources */,
				DDBF0F6023D0731500E97025 /* Assets.xcassets in Resources */,
			);
			runOnlyForDeploymentPostprocessing = 0;
		};
/* End PBXResourcesBuildPhase section */

/* Begin PBXSourcesBuildPhase section */
		DDBF0F5223D0731300E97025 /* Sources */ = {
			isa = PBXSourcesBuildPhase;
			buildActionMask = 2147483647;
			files = (
				DDBF0F5A23D0731300E97025 /* AppDelegate.swift in Sources */,
				DDBF0F5C23D0731300E97025 /* SceneDelegate.swift in Sources */,
				DDBF0F5E23D0731300E97025 /* ContentView.swift in Sources */,
			);
			runOnlyForDeploymentPostprocessing = 0;
		};
/* End PBXSourcesBuildPhase section */

/* Begin PBXVariantGroup section */
		DDBF0F6423D0731500E97025 /* LaunchScreen.storyboard */ = {
			isa = PBXVariantGroup;
			children = (
				DDBF0F6523D0731500E97025 /* Base */,
			);
			name = LaunchScreen.storyboard;
			sourceTree = "<group>";
		};
/* End PBXVariantGroup section */

/* Begin XCBuildConfiguration section */
		DDBF0F6823D0731500E97025 /* Debug */ = {
			isa = XCBuildConfiguration;
			buildSettings = {
				ALWAYS_SEARCH_USER_PATHS = NO;
				CLANG_ANALYZER_NONNULL = YES;
				CLANG_ANALYZER_NUMBER_OBJECT_CONVERSION = YES_AGGRESSIVE;
				CLANG_CXX_LANGUAGE_STANDARD = "gnu++14";
				CLANG_CXX_LIBRARY = "libc++";
				CLANG_ENABLE_MODULES = YES;
				CLANG_ENABLE_OBJC_ARC = YES;
				CLANG_ENABLE_OBJC_WEAK = YES;
				CLANG_WARN_BLOCK_CAPTURE_AUTORELEASING = YES;
				CLANG_WARN_BOOL_CONVERSION = YES;
				CLANG_WARN_COMMA = YES;
				CLANG_WARN_CONSTANT_CONVERSION = YES;
				CLANG_WARN_DEPRECATED_OBJC_IMPLEMENTATIONS = YES;
				CLANG_WARN_DIRECT_OBJC_ISA_USAGE = YES_ERROR;
				CLANG_WARN_DOCUMENTATION_COMMENTS = YES;
				CLANG_WARN_EMPTY_BODY = YES;
				CLANG_WARN_ENUM_CONVERSION = YES;
				CLANG_WARN_INFINITE_RECURSION = YES;
				CLANG_WARN_INT_CONVERSION = YES;
				CLANG_WARN_NON_LITERAL_NULL_CONVERSION = YES;
				CLANG_WARN_OBJC_IMPLICIT_RETAIN_SELF = YES;
				CLANG_WARN_OBJC_LITERAL_CONVERSION = YES;
				CLANG_WARN_OBJC_ROOT_CLASS = YES_ERROR;
				CLANG_WARN_RANGE_LOOP_ANALYSIS = YES;
				CLANG_WARN_STRICT_PROTOTYPES = YES;
				CLANG_WARN_SUSPICIOUS_MOVE = YES;
				CLANG_WARN_UNGUARDED_AVAILABILITY = YES_AGGRESSIVE;
				CLANG_WARN_UNREACHABLE_CODE = YES;
				CLANG_WARN__DUPLICATE_METHOD_MATCH = YES;
				COPY_PHASE_STRIP = NO;
				DEBUG_INFORMATION_FORMAT = dwarf;
				ENABLE_STRICT_OBJC_MSGSEND = YES;
				ENABLE_TESTABILITY = YES;
				GCC_C_LANGUAGE_STANDARD = gnu11;
				GCC_DYNAMIC_NO_PIC = NO;
				GCC_NO_COMMON_BLOCKS = YES;
				GCC_OPTIMIZATION_LEVEL = 0;
				GCC_PREPROCESSOR_DEFINITIONS = (
					"DEBUG=1",
					"$(inherited)",
				);
				GCC_WARN_64_TO_32_BIT_CONVERSION = YES;
				GCC_WARN_ABOUT_RETURN_TYPE = YES_ERROR;
				GCC_WARN_UNDECLARED_SELECTOR = YES;
				GCC_WARN_UNINITIALIZED_AUTOS = YES_AGGRESSIVE;
				GCC_WARN_UNUSED_FUNCTION = YES;
				GCC_WARN_UNUSED_VARIABLE = YES;
				IPHONEOS_DEPLOYMENT_TARGET = 13.2;
				MTL_ENABLE_DEBUG_INFO = INCLUDE_SOURCE;
				MTL_FAST_MATH = YES;
				ONLY_ACTIVE_ARCH = YES;
				SDKROOT = iphoneos;
				SWIFT_ACTIVE_COMPILATION_CONDITIONS = DEBUG;
				SWIFT_OPTIMIZATION_LEVEL = "-Onone";
			};
			name = Debug;
		};
		DDBF0F6923D0731500E97025 /* Release */ = {
			isa = XCBuildConfiguration;
			buildSettings = {
				ALWAYS_SEARCH_USER_PATHS = NO;
				CLANG_ANALYZER_NONNULL = YES;
				CLANG_ANALYZER_NUMBER_OBJECT_CONVERSION = YES_AGGRESSIVE;
				CLANG_CXX_LANGUAGE_STANDARD = "gnu++14";
				CLANG_CXX_LIBRARY = "libc++";
				CLANG_ENABLE_MODULES = YES;
				CLANG_ENABLE_OBJC_ARC = YES;
				CLANG_ENABLE_OBJC_WEAK = YES;
				CLANG_WARN_BLOCK_CAPTURE_AUTORELEASING = YES;
				CLANG_WARN_BOOL_CONVERSION = YES;
				CLANG_WARN_COMMA = YES;
				CLANG_WARN_CONSTANT_CONVERSION = YES;
				CLANG_WARN_DEPRECATED_OBJC_IMPLEMENTATIONS = YES;
				CLANG_WARN_DIRECT_OBJC_ISA_USAGE = YES_ERROR;
				CLANG_WARN_DOCUMENTATION_COMMENTS = YES;
				CLANG_WARN_EMPTY_BODY = YES;
				CLANG_WARN_ENUM_CONVERSION = YES;
				CLANG_WARN_INFINITE_RECURSION = YES;
				CLANG_WARN_INT_CONVERSION = YES;
				CLANG_WARN_NON_LITERAL_NULL_CONVERSION = YES;
				CLANG_WARN_OBJC_IMPLICIT_RETAIN_SELF = YES;
				CLANG_WARN_OBJC_LITERAL_CONVERSION = YES;
				CLANG_WARN_OBJC_ROOT_CLASS = YES_ERROR;
				CLANG_WARN_RANGE_LOOP_ANALYSIS = YES;
				CLANG_WARN_STRICT_PROTOTYPES = YES;
				CLANG_WARN_SUSPICIOUS_MOVE = YES;
				CLANG_WARN_UNGUARDED_AVAILABILITY = YES_AGGRESSIVE;
				CLANG_WARN_UNREACHABLE_CODE = YES;
				CLANG_WARN__DUPLICATE_METHOD_MATCH = YES;
				COPY_PHASE_STRIP = NO;
				DEBUG_INFORMATION_FORMAT = "dwarf-with-dsym";
				ENABLE_NS_ASSERTIONS = NO;
				ENABLE_STRICT_OBJC_MSGSEND = YES;
				GCC_C_LANGUAGE_STANDARD = gnu11;
				GCC_NO_COMMON_BLOCKS = YES;
				GCC_WARN_64_TO_32_BIT_CONVERSION = YES;
				GCC_WARN_ABOUT_RETURN_TYPE = YES_ERROR;
				GCC_WARN_UNDECLARED_SELECTOR = YES;
				GCC_WARN_UNINITIALIZED_AUTOS = YES_AGGRESSIVE;
				GCC_WARN_UNUSED_FUNCTION = YES;
				GCC_WARN_UNUSED_VARIABLE = YES;
				IPHONEOS_DEPLOYMENT_TARGET = 13.2;
				MTL_ENABLE_DEBUG_INFO = NO;
				MTL_FAST_MATH = YES;
				SDKROOT = iphoneos;
				SWIFT_COMPILATION_MODE = wholemodule;
				SWIFT_OPTIMIZATION_LEVEL = "-O";
				VALIDATE_PRODUCT = YES;
			};
			name = Release;
		};
		DDBF0F6B23D0731500E97025 /* Debug */ = {
			isa = XCBuildConfiguration;
			buildSettings = {
				ASSETCATALOG_COMPILER_APPICON_NAME = AppIcon;
				CODE_SIGN_STYLE = Automatic;
				DEVELOPMENT_ASSET_PATHS = "\"CodeStrokeAlert-iOS/Preview Content\"";
				DEVELOPMENT_TEAM = 84Z6DW82W6;
				ENABLE_PREVIEWS = YES;
				INFOPLIST_FILE = "CodeStrokeAlert-iOS/Info.plist";
				LD_RUNPATH_SEARCH_PATHS = (
					"$(inherited)",
					"@executable_path/Frameworks",
				);
				PRODUCT_BUNDLE_IDENTIFIER = "com.codestroke.CodeStrokeAlert-iOS";
				PRODUCT_NAME = "$(TARGET_NAME)";
				SWIFT_VERSION = 5.0;
				TARGETED_DEVICE_FAMILY = "1,2";
			};
			name = Debug;
		};
		DDBF0F6C23D0731500E97025 /* Release */ = {
			isa = XCBuildConfiguration;
			buildSettings = {
				ASSETCATALOG_COMPILER_APPICON_NAME = AppIcon;
				CODE_SIGN_STYLE = Automatic;
				DEVELOPMENT_ASSET_PATHS = "\"CodeStrokeAlert-iOS/Preview Content\"";
				DEVELOPMENT_TEAM = 84Z6DW82W6;
				ENABLE_PREVIEWS = YES;
				INFOPLIST_FILE = "CodeStrokeAlert-iOS/Info.plist";
				LD_RUNPATH_SEARCH_PATHS = (
					"$(inherited)",
					"@executable_path/Frameworks",
				);
				PRODUCT_BUNDLE_IDENTIFIER = "com.codestroke.CodeStrokeAlert-iOS";
				PRODUCT_NAME = "$(TARGET_NAME)";
				SWIFT_VERSION = 5.0;
				TARGETED_DEVICE_FAMILY = "1,2";
			};
			name = Release;
		};
/* End XCBuildConfiguration section */

/* Begin XCConfigurationList section */
		DDBF0F5123D0731300E97025 /* Build configuration list for PBXProject "CodeStrokeAlert-iOS" */ = {
			isa = XCConfigurationList;
			buildConfigurations = (
				DDBF0F6823D0731500E97025 /* Debug */,
				DDBF0F6923D0731500E97025 /* Release */,
			);
			defaultConfigurationIsVisible = 0;
			defaultConfigurationName = Release;
		};
		DDBF0F6A23D0731500E97025 /* Build configuration list for PBXNativeTarget "CodeStrokeAlert-iOS" */ = {
			isa = XCConfigurationList;
			buildConfigurations = (
				DDBF0F6B23D0731500E97025 /* Debug */,
				DDBF0F6C23D0731500E97025 /* Release */,
			);
			defaultConfigurationIsVisible = 0;
			defaultConfigurationName = Release;
		};
/* End XCConfigurationList section */
	};
	rootObject = DDBF0F4E23D0731300E97025 /* Project object */;
}
